{
  "name": "jsoniq_language_server",
  "version": "1.0.0",
  "lockfileVersion": 3,
  "requires": true,
  "packages": {
    "": {
      "name": "jsoniq_language_server",
      "version": "1.0.0",
      "license": "MIT",
      "dependencies": {
        "antlr4-c3": "^3.4.1",
        "antlr4ng": "^3.0.4",
        "antlr4ng-cli": "^2.0.0",
        "antlr4ts": "^0.5.0-alpha.4"
      },
      "devDependencies": {
        "antlr4ts-cli": "^0.5.0-alpha.4"
      },
      "engines": {
        "node": "*"
      }
    },
    "node_modules/antlr4-c3": {
      "version": "3.4.1",
      "resolved": "https://registry.npmjs.org/antlr4-c3/-/antlr4-c3-3.4.1.tgz",
      "integrity": "sha512-YLO/ncwUp8w2GNK/lnsYXtMkd8izHCWjxtk7EaTGIZq07THfvI5aHDuhls/RctX3EYDlM9zeTKdqn54eLYNglQ==",
      "dependencies": {
        "antlr4ng": "^3.0.1"
      }
    },
    "node_modules/antlr4ng": {
      "version": "3.0.4",
      "resolved": "https://registry.npmjs.org/antlr4ng/-/antlr4ng-3.0.4.tgz",
      "integrity": "sha512-u1Ww6wVv9hq70E9AaYe5qW3ba8hvnjJdO3ZsKnb3iJWFV/medLEEhbyWwXCvvD2ef0ptdaiIUgmaazS/WE6uyQ==",
      "peerDependencies": {
        "antlr4ng-cli": "^2.0.0"
      }
    },
    "node_modules/antlr4ng-cli": {
      "version": "2.0.0",
      "resolved": "https://registry.npmjs.org/antlr4ng-cli/-/antlr4ng-cli-2.0.0.tgz",
      "integrity": "sha512-oAt5OSSYhRQn1PgahtpAP4Vp3BApCoCqlzX7Q8ZUWWls4hX59ryYuu0t7Hwrnfk796OxP/vgIJaqxdltd/oEvQ==",
      "bin": {
        "antlr4ng": "index.js"
      }
    },
    "node_modules/antlr4ts": {
      "version": "0.5.0-alpha.4",
      "resolved": "https://registry.npmjs.org/antlr4ts/-/antlr4ts-0.5.0-alpha.4.tgz",
      "integrity": "sha512-WPQDt1B74OfPv/IMS2ekXAKkTZIHl88uMetg6q3OTqgFxZ/dxDXI0EWLyZid/1Pe6hTftyg5N7gel5wNAGxXyQ=="
    },
    "node_modules/antlr4ts-cli": {
      "version": "0.5.0-alpha.4",
      "resolved": "https://registry.npmjs.org/antlr4ts-cli/-/antlr4ts-cli-0.5.0-alpha.4.tgz",
      "integrity": "sha512-lVPVBTA2CVHRYILSKilL6Jd4hAumhSZZWA7UbQNQrmaSSj7dPmmYaN4bOmZG79cOy0lS00i4LY68JZZjZMWVrw==",
      "dev": true,
      "bin": {
        "antlr4ts": "antlr4ts"
      }
    }
  }
}
